
Microsoft Visual Studio Solution File, Format Version 12.00
# Visual Studio 15
VisualStudioVersion = 15.0.27703.2042
MinimumVisualStudioVersion = 10.0.40219.1
Project("{FAE04EC0-301F-11D3-BF4B-00C04F79EFBC}") = "Dentogram", "Dentogram.csproj", "{7861CE9F-F070-47AB-A920-9E892AF19C62}"
EndProject
Project("{FAE04EC0-301F-11D3-BF4B-00C04F79EFBC}") = "DentogramTest", "..\DentogramTest\DentogramTest.csproj", "{8D557489-8408-4856-9FEE-6ED5417B82D5}"
EndProject
Global
	GlobalSection(SolutionConfigurationPlatforms) = preSolution
		Debug|Any CPU = Debug|Any CPU
		Release|Any CPU = Release|Any CPU
	EndGlobalSection
	GlobalSection(ProjectConfigurationPlatforms) = postSolution
		{7861CE9F-F070-47AB-A920-9E892AF19C62}.Debug|Any CPU.ActiveCfg = Debug|Any CPU
		{7861CE9F-F070-47AB-A920-9E892AF19C62}.Debug|Any CPU.Build.0 = Debug|Any CPU
		{7861CE9F-F070-47AB-A920-9E892AF19C62}.Release|Any CPU.ActiveCfg = Release|Any CPU
		{7861CE9F-F070-47AB-A920-9E892AF19C62}.Release|Any CPU.Build.0 = Release|Any CPU
		{8D557489-8408-4856-9FEE-6ED5417B82D5}.Debug|Any CPU.ActiveCfg = Debug|Any CPU
		{8D557489-8408-4856-9FEE-6ED5417B82D5}.Debug|Any CPU.Build.0 = Debug|Any CPU
		{8D557489-8408-4856-9FEE-6ED5417B82D5}.Release|Any CPU.ActiveCfg = Release|Any CPU
		{8D557489-8408-4856-9FEE-6ED5417B82D5}.Release|Any CPU.Build.0 = Release|Any CPU
	EndGlobalSection
	GlobalSection(SolutionProperties) = preSolution
		HideSolutionNode = FALSE
	EndGlobalSection
	GlobalSection(ExtensibilityGlobals) = postSolution
		SolutionGuid = {4FD56DD0-2BF8-4E09-A612-509C095D8B58}
	EndGlobalSection
EndGlobal
